// !$*UTF8*$!
{
	archiveVersion = 1;
	classes = {
	};
	objectVersion = 56;
	objects = {

/* Begin PBXBuildFile section */
		C9ABCC8C3AB3FBDC152E0057 /* Pods_Color_Flow.framework in Frameworks */ = {isa = PBXBuildFile; fileRef = 1E36CD6D9B9E1DF60010A582 /* Pods_Color_Flow.framework */; };
		EA20CF4B2BCEE37500CF6A6B /* TestClass.swift in Sources */ = {isa = PBXBuildFile; fileRef = EA20CF4A2BCEE37500CF6A6B /* TestClass.swift */; };
		EA4A2FF42C8B804500318BFF /* luciferr.png in Resources */ = {isa = PBXBuildFile; fileRef = EA4A2FF32C8B804500318BFF /* luciferr.png */; };
		EA4F9C392C514D7D003121E8 /* GameSettings.swift in Sources */ = {isa = PBXBuildFile; fileRef = EA4F9C382C514D7D003121E8 /* GameSettings.swift */; };
		EA5E30CD29E1A8C00025BDBB /* AppDelegate.swift in Sources */ = {isa = PBXBuildFile; fileRef = EA5E30CC29E1A8C00025BDBB /* AppDelegate.swift */; };
		EA5E30CF29E1A8C00025BDBB /* SceneDelegate.swift in Sources */ = {isa = PBXBuildFile; fileRef = EA5E30CE29E1A8C00025BDBB /* SceneDelegate.swift */; };
		EA5E30D129E1A8C00025BDBB /* ViewController.swift in Sources */ = {isa = PBXBuildFile; fileRef = EA5E30D029E1A8C00025BDBB /* ViewController.swift */; };
		EA5E30D429E1A8C00025BDBB /* Main.storyboard in Resources */ = {isa = PBXBuildFile; fileRef = EA5E30D229E1A8C00025BDBB /* Main.storyboard */; };
		EA5E30D929E1A8C10025BDBB /* LaunchScreen.storyboard in Resources */ = {isa = PBXBuildFile; fileRef = EA5E30D729E1A8C10025BDBB /* LaunchScreen.storyboard */; };
		EA63AAFB2BDBDB040079BF76 /* Assets.xcassets in Resources */ = {isa = PBXBuildFile; fileRef = EA63AAF52BDBDB040079BF76 /* Assets.xcassets */; };
		EA63AAFC2BDBDB040079BF76 /* back1.gif in Resources */ = {isa = PBXBuildFile; fileRef = EA63AAF62BDBDB040079BF76 /* back1.gif */; };
		EA63AAFD2BDBDB040079BF76 /* backGif.gif in Resources */ = {isa = PBXBuildFile; fileRef = EA63AAF72BDBDB040079BF76 /* backGif.gif */; };
		EA63AAFE2BDBDB040079BF76 /* backWater.mp4 in Resources */ = {isa = PBXBuildFile; fileRef = EA63AAF82BDBDB040079BF76 /* backWater.mp4 */; };
		EA63AAFF2BDBDB040079BF76 /* PIXY.ttf in Resources */ = {isa = PBXBuildFile; fileRef = EA63AAF92BDBDB040079BF76 /* PIXY.ttf */; };
		EA7497442BDD256800AD8262 /* GameSettingsViewController.swift in Sources */ = {isa = PBXBuildFile; fileRef = EA7497432BDD256800AD8262 /* GameSettingsViewController.swift */; };
		EA7497482BDD3AAC00AD8262 /* GameSettingsViewController.storyboard in Resources */ = {isa = PBXBuildFile; fileRef = EA7497472BDD3AAC00AD8262 /* GameSettingsViewController.storyboard */; };
		EA803FA12C52618000C74D06 /* GameSession.swift in Sources */ = {isa = PBXBuildFile; fileRef = EA803FA02C52618000C74D06 /* GameSession.swift */; };
		EAAE186F2BC54DED00D8B292 /* GameArea.swift in Sources */ = {isa = PBXBuildFile; fileRef = EAAE186E2BC54DED00D8B292 /* GameArea.swift */; };
		EAAE18712BC54E1300D8B292 /* GameArea.storyboard in Resources */ = {isa = PBXBuildFile; fileRef = EAAE18702BC54E1300D8B292 /* GameArea.storyboard */; };
		EAAE2A4D2C5AA65A00CE032C /* GameSessionPvp.swift in Sources */ = {isa = PBXBuildFile; fileRef = EAAE2A4C2C5AA65A00CE032C /* GameSessionPvp.swift */; };
		EAAE58082C53A72300430EC8 /* GameSettingsPvp.swift in Sources */ = {isa = PBXBuildFile; fileRef = EAAE58072C53A72300430EC8 /* GameSettingsPvp.swift */; };
		EAAE580B2C540FC700430EC8 /* ContinueViewController.swift in Sources */ = {isa = PBXBuildFile; fileRef = EAAE580A2C540FC700430EC8 /* ContinueViewController.swift */; };
		EAAE580D2C540FF600430EC8 /* ContinueViewController.storyboard in Resources */ = {isa = PBXBuildFile; fileRef = EAAE580C2C540FF600430EC8 /* ContinueViewController.storyboard */; };
		EAAE580F2C54F76B00430EC8 /* GameEnums.swift in Sources */ = {isa = PBXBuildFile; fileRef = EAAE580E2C54F76B00430EC8 /* GameEnums.swift */; };
		EAD6AB392C8A12EC002FAC1C /* click.wav in Resources */ = {isa = PBXBuildFile; fileRef = EAD6AB382C8A12EC002FAC1C /* click.wav */; };
		EAD6AB3B2C8A1BC8002FAC1C /* SoundManager.swift in Sources */ = {isa = PBXBuildFile; fileRef = EAD6AB3A2C8A1BC8002FAC1C /* SoundManager.swift */; };
		EAF28E1C2BC961F1002A8BD0 /* GameLogic.swift in Sources */ = {isa = PBXBuildFile; fileRef = EAF28E1B2BC961F1002A8BD0 /* GameLogic.swift */; };
		EAF28E1E2BC9632C002A8BD0 /* LoadGameArea.swift in Sources */ = {isa = PBXBuildFile; fileRef = EAF28E1D2BC9632C002A8BD0 /* LoadGameArea.swift */; };
		EAF28E202BC96B00002A8BD0 /* GameCell.swift in Sources */ = {isa = PBXBuildFile; fileRef = EAF28E1F2BC96B00002A8BD0 /* GameCell.swift */; };
/* End PBXBuildFile section */

/* Begin PBXFileReference section */
		1E36CD6D9B9E1DF60010A582 /* Pods_Color_Flow.framework */ = {isa = PBXFileReference; explicitFileType = wrapper.framework; includeInIndex = 0; path = Pods_Color_Flow.framework; sourceTree = BUILT_PRODUCTS_DIR; };
		26E2EBE58BDC46FFE4E9922A /* Pods-Color Flow.release.xcconfig */ = {isa = PBXFileReference; includeInIndex = 1; lastKnownFileType = text.xcconfig; name = "Pods-Color Flow.release.xcconfig"; path = "Target Support Files/Pods-Color Flow/Pods-Color Flow.release.xcconfig"; sourceTree = "<group>"; };
		D63EEF542C425485885EFEA6 /* Pods-Color Flow.debug.xcconfig */ = {isa = PBXFileReference; includeInIndex = 1; lastKnownFileType = text.xcconfig; name = "Pods-Color Flow.debug.xcconfig"; path = "Target Support Files/Pods-Color Flow/Pods-Color Flow.debug.xcconfig"; sourceTree = "<group>"; };
		EA20CF4A2BCEE37500CF6A6B /* TestClass.swift */ = {isa = PBXFileReference; lastKnownFileType = sourcecode.swift; path = TestClass.swift; sourceTree = "<group>"; };
		EA4A2FF32C8B804500318BFF /* luciferr.png */ = {isa = PBXFileReference; lastKnownFileType = image.png; path = luciferr.png; sourceTree = "<group>"; };
		EA4F9C382C514D7D003121E8 /* GameSettings.swift */ = {isa = PBXFileReference; lastKnownFileType = sourcecode.swift; path = GameSettings.swift; sourceTree = "<group>"; };
		EA5E30C929E1A8C00025BDBB /* Color Flow.app */ = {isa = PBXFileReference; explicitFileType = wrapper.application; includeInIndex = 0; path = "Color Flow.app"; sourceTree = BUILT_PRODUCTS_DIR; };
		EA5E30CC29E1A8C00025BDBB /* AppDelegate.swift */ = {isa = PBXFileReference; lastKnownFileType = sourcecode.swift; path = AppDelegate.swift; sourceTree = "<group>"; };
		EA5E30CE29E1A8C00025BDBB /* SceneDelegate.swift */ = {isa = PBXFileReference; lastKnownFileType = sourcecode.swift; path = SceneDelegate.swift; sourceTree = "<group>"; };
		EA5E30D029E1A8C00025BDBB /* ViewController.swift */ = {isa = PBXFileReference; lastKnownFileType = sourcecode.swift; path = ViewController.swift; sourceTree = "<group>"; };
		EA5E30D329E1A8C00025BDBB /* Base */ = {isa = PBXFileReference; lastKnownFileType = file.storyboard; name = Base; path = Base.lproj/Main.storyboard; sourceTree = "<group>"; };
		EA5E30D829E1A8C10025BDBB /* Base */ = {isa = PBXFileReference; lastKnownFileType = file.storyboard; name = Base; path = Base.lproj/LaunchScreen.storyboard; sourceTree = "<group>"; };
		EA5E30DA29E1A8C10025BDBB /* Info.plist */ = {isa = PBXFileReference; lastKnownFileType = text.plist.xml; path = Info.plist; sourceTree = "<group>"; };
		EA63AAF52BDBDB040079BF76 /* Assets.xcassets */ = {isa = PBXFileReference; lastKnownFileType = folder.assetcatalog; path = Assets.xcassets; sourceTree = "<group>"; };
		EA63AAF62BDBDB040079BF76 /* back1.gif */ = {isa = PBXFileReference; lastKnownFileType = image.gif; path = back1.gif; sourceTree = "<group>"; };
		EA63AAF72BDBDB040079BF76 /* backGif.gif */ = {isa = PBXFileReference; lastKnownFileType = image.gif; path = backGif.gif; sourceTree = "<group>"; };
		EA63AAF82BDBDB040079BF76 /* backWater.mp4 */ = {isa = PBXFileReference; lastKnownFileType = file; path = backWater.mp4; sourceTree = "<group>"; };
		EA63AAF92BDBDB040079BF76 /* PIXY.ttf */ = {isa = PBXFileReference; lastKnownFileType = file; path = PIXY.ttf; sourceTree = "<group>"; };
		EA7497432BDD256800AD8262 /* GameSettingsViewController.swift */ = {isa = PBXFileReference; lastKnownFileType = sourcecode.swift; path = GameSettingsViewController.swift; sourceTree = "<group>"; };
		EA7497472BDD3AAC00AD8262 /* GameSettingsViewController.storyboard */ = {isa = PBXFileReference; lastKnownFileType = file.storyboard; path = GameSettingsViewController.storyboard; sourceTree = "<group>"; };
		EA803FA02C52618000C74D06 /* GameSession.swift */ = {isa = PBXFileReference; lastKnownFileType = sourcecode.swift; path = GameSession.swift; sourceTree = "<group>"; };
		EAAE186E2BC54DED00D8B292 /* GameArea.swift */ = {isa = PBXFileReference; lastKnownFileType = sourcecode.swift; path = GameArea.swift; sourceTree = "<group>"; };
		EAAE18702BC54E1300D8B292 /* GameArea.storyboard */ = {isa = PBXFileReference; lastKnownFileType = file.storyboard; path = GameArea.storyboard; sourceTree = "<group>"; };
		EAAE2A4C2C5AA65A00CE032C /* GameSessionPvp.swift */ = {isa = PBXFileReference; lastKnownFileType = sourcecode.swift; path = GameSessionPvp.swift; sourceTree = "<group>"; };
		EAAE58072C53A72300430EC8 /* GameSettingsPvp.swift */ = {isa = PBXFileReference; lastKnownFileType = sourcecode.swift; path = GameSettingsPvp.swift; sourceTree = "<group>"; };
		EAAE580A2C540FC700430EC8 /* ContinueViewController.swift */ = {isa = PBXFileReference; lastKnownFileType = sourcecode.swift; path = ContinueViewController.swift; sourceTree = "<group>"; };
		EAAE580C2C540FF600430EC8 /* ContinueViewController.storyboard */ = {isa = PBXFileReference; lastKnownFileType = file.storyboard; path = ContinueViewController.storyboard; sourceTree = "<group>"; };
		EAAE580E2C54F76B00430EC8 /* GameEnums.swift */ = {isa = PBXFileReference; lastKnownFileType = sourcecode.swift; path = GameEnums.swift; sourceTree = "<group>"; };
		EAD6AB372C8A0F26002FAC1C /* click.m4a */ = {isa = PBXFileReference; lastKnownFileType = file; path = click.m4a; sourceTree = "<group>"; };
		EAD6AB382C8A12EC002FAC1C /* click.wav */ = {isa = PBXFileReference; lastKnownFileType = audio.wav; path = click.wav; sourceTree = "<group>"; };
		EAD6AB3A2C8A1BC8002FAC1C /* SoundManager.swift */ = {isa = PBXFileReference; lastKnownFileType = sourcecode.swift; path = SoundManager.swift; sourceTree = "<group>"; };
		EAF28E1B2BC961F1002A8BD0 /* GameLogic.swift */ = {isa = PBXFileReference; lastKnownFileType = sourcecode.swift; path = GameLogic.swift; sourceTree = "<group>"; };
		EAF28E1D2BC9632C002A8BD0 /* LoadGameArea.swift */ = {isa = PBXFileReference; lastKnownFileType = sourcecode.swift; path = LoadGameArea.swift; sourceTree = "<group>"; };
		EAF28E1F2BC96B00002A8BD0 /* GameCell.swift */ = {isa = PBXFileReference; lastKnownFileType = sourcecode.swift; path = GameCell.swift; sourceTree = "<group>"; };
/* End PBXFileReference section */

/* Begin PBXFrameworksBuildPhase section */
		EA5E30C629E1A8C00025BDBB /* Frameworks */ = {
			isa = PBXFrameworksBuildPhase;
			buildActionMask = 2147483647;
			files = (
				C9ABCC8C3AB3FBDC152E0057 /* Pods_Color_Flow.framework in Frameworks */,
			);
			runOnlyForDeploymentPostprocessing = 0;
		};
/* End PBXFrameworksBuildPhase section */

/* Begin PBXGroup section */
		09023D9D96C9876FC4C8A821 /* Frameworks */ = {
			isa = PBXGroup;
			children = (
				1E36CD6D9B9E1DF60010A582 /* Pods_Color_Flow.framework */,
			);
			name = Frameworks;
			sourceTree = "<group>";
		};
		B28C4AE9CE74DFCD351B0915 /* Pods */ = {
			isa = PBXGroup;
			children = (
				D63EEF542C425485885EFEA6 /* Pods-Color Flow.debug.xcconfig */,
				26E2EBE58BDC46FFE4E9922A /* Pods-Color Flow.release.xcconfig */,
			);
			path = Pods;
			sourceTree = "<group>";
		};
		EA20CF4C2BD03BA500CF6A6B /* trash */ = {
			isa = PBXGroup;
			children = (
				EA20CF4A2BCEE37500CF6A6B /* TestClass.swift */,
				EAF28E1F2BC96B00002A8BD0 /* GameCell.swift */,
				EAF28E1D2BC9632C002A8BD0 /* LoadGameArea.swift */,
			);
			path = trash;
			sourceTree = "<group>";
		};
		EA5E30C029E1A8C00025BDBB = {
			isa = PBXGroup;
			children = (
				EA5E30CB29E1A8C00025BDBB /* Color Flow */,
				EA5E30CA29E1A8C00025BDBB /* Products */,
				B28C4AE9CE74DFCD351B0915 /* Pods */,
				09023D9D96C9876FC4C8A821 /* Frameworks */,
			);
			sourceTree = "<group>";
		};
		EA5E30CA29E1A8C00025BDBB /* Products */ = {
			isa = PBXGroup;
			children = (
				EA5E30C929E1A8C00025BDBB /* Color Flow.app */,
			);
			name = Products;
			sourceTree = "<group>";
		};
		EA5E30CB29E1A8C00025BDBB /* Color Flow */ = {
			isa = PBXGroup;
			children = (
				EA5E30CC29E1A8C00025BDBB /* AppDelegate.swift */,
				EA5E30CE29E1A8C00025BDBB /* SceneDelegate.swift */,
				EAD6AB3A2C8A1BC8002FAC1C /* SoundManager.swift */,
				EA5E30D029E1A8C00025BDBB /* ViewController.swift */,
				EA5E30D229E1A8C00025BDBB /* Main.storyboard */,
				EA7497432BDD256800AD8262 /* GameSettingsViewController.swift */,
				EA7497472BDD3AAC00AD8262 /* GameSettingsViewController.storyboard */,
				EAAE580A2C540FC700430EC8 /* ContinueViewController.swift */,
				EAAE580C2C540FF600430EC8 /* ContinueViewController.storyboard */,
				EAF28E1B2BC961F1002A8BD0 /* GameLogic.swift */,
				EAAE186E2BC54DED00D8B292 /* GameArea.swift */,
				EAAE18702BC54E1300D8B292 /* GameArea.storyboard */,
				EA5E30D729E1A8C10025BDBB /* LaunchScreen.storyboard */,
				EA5E30DA29E1A8C10025BDBB /* Info.plist */,
				EAAE58092C540F1E00430EC8 /* save */,
				EA63AAFA2BDBDB040079BF76 /* Resources */,
				EA20CF4C2BD03BA500CF6A6B /* trash */,
			);
			path = "Color Flow";
			sourceTree = "<group>";
		};
		EA63AAFA2BDBDB040079BF76 /* Resources */ = {
			isa = PBXGroup;
			children = (
				EAD6AB372C8A0F26002FAC1C /* click.m4a */,
				EAD6AB382C8A12EC002FAC1C /* click.wav */,
				EA63AAF52BDBDB040079BF76 /* Assets.xcassets */,
				EA4A2FF32C8B804500318BFF /* luciferr.png */,
				EA63AAF62BDBDB040079BF76 /* back1.gif */,
				EA63AAF72BDBDB040079BF76 /* backGif.gif */,
				EA63AAF82BDBDB040079BF76 /* backWater.mp4 */,
				EA63AAF92BDBDB040079BF76 /* PIXY.ttf */,
			);
			path = Resources;
			sourceTree = "<group>";
		};
		EAAE58092C540F1E00430EC8 /* save */ = {
			isa = PBXGroup;
			children = (
				EAAE580E2C54F76B00430EC8 /* GameEnums.swift */,
				EA4F9C382C514D7D003121E8 /* GameSettings.swift */,
				EAAE58072C53A72300430EC8 /* GameSettingsPvp.swift */,
				EA803FA02C52618000C74D06 /* GameSession.swift */,
				EAAE2A4C2C5AA65A00CE032C /* GameSessionPvp.swift */,
			);
			path = save;
			sourceTree = "<group>";
		};
/* End PBXGroup section */

/* Begin PBXNativeTarget section */
		EA5E30C829E1A8C00025BDBB /* Color Flow */ = {
			isa = PBXNativeTarget;
			buildConfigurationList = EA5E30DD29E1A8C10025BDBB /* Build configuration list for PBXNativeTarget "Color Flow" */;
			buildPhases = (
				777199C4FDD68D3184CD5F78 /* [CP] Check Pods Manifest.lock */,
				EA5E30C529E1A8C00025BDBB /* Sources */,
				EA5E30C629E1A8C00025BDBB /* Frameworks */,
				EA5E30C729E1A8C00025BDBB /* Resources */,
				82D9A7A76A0C8125A4ED8BCA /* [CP] Embed Pods Frameworks */,
			);
			buildRules = (
			);
			dependencies = (
			);
			name = "Color Flow";
			packageProductDependencies = (
			);
			productName = "Color Flow";
			productReference = EA5E30C929E1A8C00025BDBB /* Color Flow.app */;
			productType = "com.apple.product-type.application";
		};
/* End PBXNativeTarget section */

/* Begin PBXProject section */
		EA5E30C129E1A8C00025BDBB /* Project object */ = {
			isa = PBXProject;
			attributes = {
				BuildIndependentTargetsInParallel = 1;
				LastSwiftUpdateCheck = 1430;
				LastUpgradeCheck = 1530;
				TargetAttributes = {
					EA5E30C829E1A8C00025BDBB = {
						CreatedOnToolsVersion = 14.3;
					};
				};
			};
			buildConfigurationList = EA5E30C429E1A8C00025BDBB /* Build configuration list for PBXProject "Color Flow" */;
			compatibilityVersion = "Xcode 14.0";
			developmentRegion = en;
			hasScannedForEncodings = 0;
			knownRegions = (
				en,
				Base,
			);
			mainGroup = EA5E30C029E1A8C00025BDBB;
			packageReferences = (
			);
			productRefGroup = EA5E30CA29E1A8C00025BDBB /* Products */;
			projectDirPath = "";
			projectRoot = "";
			targets = (
				EA5E30C829E1A8C00025BDBB /* Color Flow */,
			);
		};
/* End PBXProject section */

/* Begin PBXResourcesBuildPhase section */
		EA5E30C729E1A8C00025BDBB /* Resources */ = {
			isa = PBXResourcesBuildPhase;
			buildActionMask = 2147483647;
			files = (
				EA5E30D929E1A8C10025BDBB /* LaunchScreen.storyboard in Resources */,
				EAAE18712BC54E1300D8B292 /* GameArea.storyboard in Resources */,
				EA63AAFB2BDBDB040079BF76 /* Assets.xcassets in Resources */,
				EA5E30D429E1A8C00025BDBB /* Main.storyboard in Resources */,
				EA63AAFF2BDBDB040079BF76 /* PIXY.ttf in Resources */,
				EAD6AB392C8A12EC002FAC1C /* click.wav in Resources */,
				EA7497482BDD3AAC00AD8262 /* GameSettingsViewController.storyboard in Resources */,
				EA63AAFD2BDBDB040079BF76 /* backGif.gif in Resources */,
				EA63AAFC2BDBDB040079BF76 /* back1.gif in Resources */,
				EAAE580D2C540FF600430EC8 /* ContinueViewController.storyboard in Resources */,
				EA63AAFE2BDBDB040079BF76 /* backWater.mp4 in Resources */,
				EA4A2FF42C8B804500318BFF /* luciferr.png in Resources */,
			);
			runOnlyForDeploymentPostprocessing = 0;
		};
/* End PBXResourcesBuildPhase section */

/* Begin PBXShellScriptBuildPhase section */
		777199C4FDD68D3184CD5F78 /* [CP] Check Pods Manifest.lock */ = {
			isa = PBXShellScriptBuildPhase;
			buildActionMask = 2147483647;
			files = (
			);
			inputFileListPaths = (
			);
			inputPaths = (
				"${PODS_PODFILE_DIR_PATH}/Podfile.lock",
				"${PODS_ROOT}/Manifest.lock",
			);
			name = "[CP] Check Pods Manifest.lock";
			outputFileListPaths = (
			);
			outputPaths = (
				"$(DERIVED_FILE_DIR)/Pods-Color Flow-checkManifestLockResult.txt",
			);
			runOnlyForDeploymentPostprocessing = 0;
			shellPath = /bin/sh;
			shellScript = "diff \"${PODS_PODFILE_DIR_PATH}/Podfile.lock\" \"${PODS_ROOT}/Manifest.lock\" > /dev/null\nif [ $? != 0 ] ; then\n    # print error to STDERR\n    echo \"error: The sandbox is not in sync with the Podfile.lock. Run 'pod install' or update your CocoaPods installation.\" >&2\n    exit 1\nfi\n# This output is used by Xcode 'outputs' to avoid re-running this script phase.\necho \"SUCCESS\" > \"${SCRIPT_OUTPUT_FILE_0}\"\n";
			showEnvVarsInLog = 0;
		};
		82D9A7A76A0C8125A4ED8BCA /* [CP] Embed Pods Frameworks */ = {
			isa = PBXShellScriptBuildPhase;
			buildActionMask = 2147483647;
			files = (
			);
			inputFileListPaths = (
				"${PODS_ROOT}/Target Support Files/Pods-Color Flow/Pods-Color Flow-frameworks-${CONFIGURATION}-input-files.xcfilelist",
			);
			name = "[CP] Embed Pods Frameworks";
			outputFileListPaths = (
				"${PODS_ROOT}/Target Support Files/Pods-Color Flow/Pods-Color Flow-frameworks-${CONFIGURATION}-output-files.xcfilelist",
			);
			runOnlyForDeploymentPostprocessing = 0;
			shellPath = /bin/sh;
			shellScript = "\"${PODS_ROOT}/Target Support Files/Pods-Color Flow/Pods-Color Flow-frameworks.sh\"\n";
			showEnvVarsInLog = 0;
		};
/* End PBXShellScriptBuildPhase section */

/* Begin PBXSourcesBuildPhase section */
		EA5E30C529E1A8C00025BDBB /* Sources */ = {
			isa = PBXSourcesBuildPhase;
			buildActionMask = 2147483647;
			files = (
				EAAE580B2C540FC700430EC8 /* ContinueViewController.swift in Sources */,
				EAD6AB3B2C8A1BC8002FAC1C /* SoundManager.swift in Sources */,
				EA803FA12C52618000C74D06 /* GameSession.swift in Sources */,
				EA20CF4B2BCEE37500CF6A6B /* TestClass.swift in Sources */,
				EAAE186F2BC54DED00D8B292 /* GameArea.swift in Sources */,
				EA4F9C392C514D7D003121E8 /* GameSettings.swift in Sources */,
				EA5E30D129E1A8C00025BDBB /* ViewController.swift in Sources */,
				EAAE580F2C54F76B00430EC8 /* GameEnums.swift in Sources */,
				EAF28E1E2BC9632C002A8BD0 /* LoadGameArea.swift in Sources */,
				EA5E30CD29E1A8C00025BDBB /* AppDelegate.swift in Sources */,
				EA7497442BDD256800AD8262 /* GameSettingsViewController.swift in Sources */,
				EAF28E1C2BC961F1002A8BD0 /* GameLogic.swift in Sources */,
				EAAE58082C53A72300430EC8 /* GameSettingsPvp.swift in Sources */,
				EA5E30CF29E1A8C00025BDBB /* SceneDelegate.swift in Sources */,
				EAF28E202BC96B00002A8BD0 /* GameCell.swift in Sources */,
				EAAE2A4D2C5AA65A00CE032C /* GameSessionPvp.swift in Sources */,
			);
			runOnlyForDeploymentPostprocessing = 0;
		};
/* End PBXSourcesBuildPhase section */

/* Begin PBXVariantGroup section */
		EA5E30D229E1A8C00025BDBB /* Main.storyboard */ = {
			isa = PBXVariantGroup;
			children = (
				EA5E30D329E1A8C00025BDBB /* Base */,
			);
			name = Main.storyboard;
			sourceTree = "<group>";
		};
		EA5E30D729E1A8C10025BDBB /* LaunchScreen.storyboard */ = {
			isa = PBXVariantGroup;
			children = (
				EA5E30D829E1A8C10025BDBB /* Base */,
			);
			name = LaunchScreen.storyboard;
			sourceTree = "<group>";
		};
/* End PBXVariantGroup section */

/* Begin XCBuildConfiguration section */
		EA5E30DB29E1A8C10025BDBB /* Debug */ = {
			isa = XCBuildConfiguration;
			buildSettings = {
				ALWAYS_SEARCH_USER_PATHS = NO;
				ASSETCATALOG_COMPILER_GENERATE_SWIFT_ASSET_SYMBOL_EXTENSIONS = YES;
				CLANG_ANALYZER_NONNULL = YES;
				CLANG_ANALYZER_NUMBER_OBJECT_CONVERSION = YES_AGGRESSIVE;
				CLANG_CXX_LANGUAGE_STANDARD = "gnu++20";
				CLANG_ENABLE_MODULES = YES;
				CLANG_ENABLE_OBJC_ARC = YES;
				CLANG_ENABLE_OBJC_WEAK = YES;
				CLANG_WARN_BLOCK_CAPTURE_AUTORELEASING = YES;
				CLANG_WARN_BOOL_CONVERSION = YES;
				CLANG_WARN_COMMA = YES;
				CLANG_WARN_CONSTANT_CONVERSION = YES;
				CLANG_WARN_DEPRECATED_OBJC_IMPLEMENTATIONS = YES;
				CLANG_WARN_DIRECT_OBJC_ISA_USAGE = YES_ERROR;
				CLANG_WARN_DOCUMENTATION_COMMENTS = YES;
				CLANG_WARN_EMPTY_BODY = YES;
				CLANG_WARN_ENUM_CONVERSION = YES;
				CLANG_WARN_INFINITE_RECURSION = YES;
				CLANG_WARN_INT_CONVERSION = YES;
				CLANG_WARN_NON_LITERAL_NULL_CONVERSION = YES;
				CLANG_WARN_OBJC_IMPLICIT_RETAIN_SELF = YES;
				CLANG_WARN_OBJC_LITERAL_CONVERSION = YES;
				CLANG_WARN_OBJC_ROOT_CLASS = YES_ERROR;
				CLANG_WARN_QUOTED_INCLUDE_IN_FRAMEWORK_HEADER = YES;
				CLANG_WARN_RANGE_LOOP_ANALYSIS = YES;
				CLANG_WARN_STRICT_PROTOTYPES = YES;
				CLANG_WARN_SUSPICIOUS_MOVE = YES;
				CLANG_WARN_UNGUARDED_AVAILABILITY = YES_AGGRESSIVE;
				CLANG_WARN_UNREACHABLE_CODE = YES;
				CLANG_WARN__DUPLICATE_METHOD_MATCH = YES;
				COPY_PHASE_STRIP = NO;
				DEBUG_INFORMATION_FORMAT = dwarf;
				ENABLE_STRICT_OBJC_MSGSEND = YES;
				ENABLE_TESTABILITY = YES;
				ENABLE_USER_SCRIPT_SANDBOXING = YES;
				GCC_C_LANGUAGE_STANDARD = gnu11;
				GCC_DYNAMIC_NO_PIC = NO;
				GCC_NO_COMMON_BLOCKS = YES;
				GCC_OPTIMIZATION_LEVEL = 0;
				GCC_PREPROCESSOR_DEFINITIONS = (
					"DEBUG=1",
					"$(inherited)",
				);
				GCC_WARN_64_TO_32_BIT_CONVERSION = YES;
				GCC_WARN_ABOUT_RETURN_TYPE = YES_ERROR;
				GCC_WARN_UNDECLARED_SELECTOR = YES;
				GCC_WARN_UNINITIALIZED_AUTOS = YES_AGGRESSIVE;
				GCC_WARN_UNUSED_FUNCTION = YES;
				GCC_WARN_UNUSED_VARIABLE = YES;
				IPHONEOS_DEPLOYMENT_TARGET = 13.0;
				MTL_ENABLE_DEBUG_INFO = INCLUDE_SOURCE;
				MTL_FAST_MATH = YES;
				ONLY_ACTIVE_ARCH = YES;
				SDKROOT = iphoneos;
				SWIFT_ACTIVE_COMPILATION_CONDITIONS = DEBUG;
				SWIFT_OPTIMIZATION_LEVEL = "-Onone";
			};
			name = Debug;
		};
		EA5E30DC29E1A8C10025BDBB /* Release */ = {
			isa = XCBuildConfiguration;
			buildSettings = {
				ALWAYS_SEARCH_USER_PATHS = NO;
				ASSETCATALOG_COMPILER_GENERATE_SWIFT_ASSET_SYMBOL_EXTENSIONS = YES;
				CLANG_ANALYZER_NONNULL = YES;
				CLANG_ANALYZER_NUMBER_OBJECT_CONVERSION = YES_AGGRESSIVE;
				CLANG_CXX_LANGUAGE_STANDARD = "gnu++20";
				CLANG_ENABLE_MODULES = YES;
				CLANG_ENABLE_OBJC_ARC = YES;
				CLANG_ENABLE_OBJC_WEAK = YES;
				CLANG_WARN_BLOCK_CAPTURE_AUTORELEASING = YES;
				CLANG_WARN_BOOL_CONVERSION = YES;
				CLANG_WARN_COMMA = YES;
				CLANG_WARN_CONSTANT_CONVERSION = YES;
				CLANG_WARN_DEPRECATED_OBJC_IMPLEMENTATIONS = YES;
				CLANG_WARN_DIRECT_OBJC_ISA_USAGE = YES_ERROR;
				CLANG_WARN_DOCUMENTATION_COMMENTS = YES;
				CLANG_WARN_EMPTY_BODY = YES;
				CLANG_WARN_ENUM_CONVERSION = YES;
				CLANG_WARN_INFINITE_RECURSION = YES;
				CLANG_WARN_INT_CONVERSION = YES;
				CLANG_WARN_NON_LITERAL_NULL_CONVERSION = YES;
				CLANG_WARN_OBJC_IMPLICIT_RETAIN_SELF = YES;
				CLANG_WARN_OBJC_LITERAL_CONVERSION = YES;
				CLANG_WARN_OBJC_ROOT_CLASS = YES_ERROR;
				CLANG_WARN_QUOTED_INCLUDE_IN_FRAMEWORK_HEADER = YES;
				CLANG_WARN_RANGE_LOOP_ANALYSIS = YES;
				CLANG_WARN_STRICT_PROTOTYPES = YES;
				CLANG_WARN_SUSPICIOUS_MOVE = YES;
				CLANG_WARN_UNGUARDED_AVAILABILITY = YES_AGGRESSIVE;
				CLANG_WARN_UNREACHABLE_CODE = YES;
				CLANG_WARN__DUPLICATE_METHOD_MATCH = YES;
				COPY_PHASE_STRIP = NO;
				DEBUG_INFORMATION_FORMAT = "dwarf-with-dsym";
				ENABLE_NS_ASSERTIONS = NO;
				ENABLE_STRICT_OBJC_MSGSEND = YES;
				ENABLE_USER_SCRIPT_SANDBOXING = YES;
				GCC_C_LANGUAGE_STANDARD = gnu11;
				GCC_NO_COMMON_BLOCKS = YES;
				GCC_WARN_64_TO_32_BIT_CONVERSION = YES;
				GCC_WARN_ABOUT_RETURN_TYPE = YES_ERROR;
				GCC_WARN_UNDECLARED_SELECTOR = YES;
				GCC_WARN_UNINITIALIZED_AUTOS = YES_AGGRESSIVE;
				GCC_WARN_UNUSED_FUNCTION = YES;
				GCC_WARN_UNUSED_VARIABLE = YES;
				IPHONEOS_DEPLOYMENT_TARGET = 13.0;
				MTL_ENABLE_DEBUG_INFO = NO;
				MTL_FAST_MATH = YES;
				SDKROOT = iphoneos;
				SWIFT_COMPILATION_MODE = wholemodule;
				SWIFT_OPTIMIZATION_LEVEL = "-O";
				VALIDATE_PRODUCT = YES;
			};
			name = Release;
		};
		EA5E30DE29E1A8C10025BDBB /* Debug */ = {
			isa = XCBuildConfiguration;
			baseConfigurationReference = D63EEF542C425485885EFEA6 /* Pods-Color Flow.debug.xcconfig */;
			buildSettings = {
				ASSETCATALOG_COMPILER_APPICON_NAME = AppIcon;
				ASSETCATALOG_COMPILER_GLOBAL_ACCENT_COLOR_NAME = AccentColor;
				CODE_SIGN_STYLE = Automatic;
				CURRENT_PROJECT_VERSION = 1;
				DEVELOPMENT_TEAM = 532T45L6HD;
				ENABLE_USER_SCRIPT_SANDBOXING = NO;
				GENERATE_INFOPLIST_FILE = YES;
				INFOPLIST_FILE = "Color Flow/Info.plist";
				INFOPLIST_KEY_UIApplicationSupportsIndirectInputEvents = YES;
				INFOPLIST_KEY_UILaunchStoryboardName = LaunchScreen.storyboard;
				INFOPLIST_KEY_UIMainStoryboardFile = Main;
				INFOPLIST_KEY_UIRequiresFullScreen = YES;
				INFOPLIST_KEY_UISupportedInterfaceOrientations = UIInterfaceOrientationPortrait;
				IPHONEOS_DEPLOYMENT_TARGET = 13.0;
				LD_RUNPATH_SEARCH_PATHS = (
					"$(inherited)",
					"@executable_path/Frameworks",
				);
				MARKETING_VERSION = 1.0;
				PRODUCT_BUNDLE_IDENTIFIER = "example.Color-Flow";
				PRODUCT_NAME = "$(TARGET_NAME)";
				SWIFT_EMIT_LOC_STRINGS = YES;
				SWIFT_VERSION = 5.0;
				TARGETED_DEVICE_FAMILY = "1,2";
			};
			name = Debug;
		};
		EA5E30DF29E1A8C10025BDBB /* Release */ = {
			isa = XCBuildConfiguration;
			baseConfigurationReference = 26E2EBE58BDC46FFE4E9922A /* Pods-Color Flow.release.xcconfig */;
			buildSettings = {
				ASSETCATALOG_COMPILER_APPICON_NAME = AppIcon;
				ASSETCATALOG_COMPILER_GLOBAL_ACCENT_COLOR_NAME = AccentColor;
				CODE_SIGN_STYLE = Automatic;
				CURRENT_PROJECT_VERSION = 1;
				DEVELOPMENT_TEAM = 532T45L6HD;
				ENABLE_USER_SCRIPT_SANDBOXING = NO;
				GENERATE_INFOPLIST_FILE = YES;
				INFOPLIST_FILE = "Color Flow/Info.plist";
				INFOPLIST_KEY_UIApplicationSupportsIndirectInputEvents = YES;
				INFOPLIST_KEY_UILaunchStoryboardName = LaunchScreen.storyboard;
				INFOPLIST_KEY_UIMainStoryboardFile = Main;
				INFOPLIST_KEY_UIRequiresFullScreen = YES;
				INFOPLIST_KEY_UISupportedInterfaceOrientations = UIInterfaceOrientationPortrait;
				IPHONEOS_DEPLOYMENT_TARGET = 13.0;
				LD_RUNPATH_SEARCH_PATHS = (
					"$(inherited)",
					"@executable_path/Frameworks",
				);
				MARKETING_VERSION = 1.0;
				PRODUCT_BUNDLE_IDENTIFIER = "example.Color-Flow";
				PRODUCT_NAME = "$(TARGET_NAME)";
				SWIFT_EMIT_LOC_STRINGS = YES;
				SWIFT_VERSION = 5.0;
				TARGETED_DEVICE_FAMILY = "1,2";
			};
			name = Release;
		};
/* End XCBuildConfiguration section */

/* Begin XCConfigurationList section */
		EA5E30C429E1A8C00025BDBB /* Build configuration list for PBXProject "Color Flow" */ = {
			isa = XCConfigurationList;
			buildConfigurations = (
				EA5E30DB29E1A8C10025BDBB /* Debug */,
				EA5E30DC29E1A8C10025BDBB /* Release */,
			);
			defaultConfigurationIsVisible = 0;
			defaultConfigurationName = Release;
		};
		EA5E30DD29E1A8C10025BDBB /* Build configuration list for PBXNativeTarget "Color Flow" */ = {
			isa = XCConfigurationList;
			buildConfigurations = (
				EA5E30DE29E1A8C10025BDBB /* Debug */,
				EA5E30DF29E1A8C10025BDBB /* Release */,
			);
			defaultConfigurationIsVisible = 0;
			defaultConfigurationName = Release;
		};
/* End XCConfigurationList section */
	};
	rootObject = EA5E30C129E1A8C00025BDBB /* Project object */;
}
